{
  "projects": [
    {
      "projectId": "7nJ7UcFmq9UzB6eXfC5z4a",
      "version": "0.28.0",
      "dependencies": {},
      "lang": "ts",
      "fileLocks": [
        {
          "assetId": "7nJ7UcFmq9UzB6eXfC5z4a",
          "type": "projectCss",
          "checksum": "05587b57f22f0ec8bb54543deb39762e"
        }
      ],
      "codegenVersion": "0.0.1"
    },
    {
      "projectId": "jqHMejC8dcPyddaS4gmqUt",
      "version": "latest",
      "dependencies": {
        "7nJ7UcFmq9UzB6eXfC5z4a": "0.28.0",
        "84wxoth5npGrp6RRXPL88z": "4.27.0"
      },
      "lang": "ts",
      "fileLocks": [
        {
          "type": "globalVariant",
          "assetId": "v6jzT4azP0Fn",
          "checksum": "47e08f0276077db01b0812f5d7e7da42"
        },
        {
          "type": "renderModule",
          "assetId": "8uRuDIsw_Axd",
          "checksum": "ade99c8461d57b45db232ece95546770"
        },
        {
          "type": "cssRules",
          "assetId": "8uRuDIsw_Axd",
          "checksum": "ade99c8461d57b45db232ece95546770"
        },
        {
          "type": "renderModule",
          "assetId": "-OeynXv3MoWt",
          "checksum": "78267aab6ef9de903ae6e588853f8879"
        },
        {
          "type": "cssRules",
          "assetId": "-OeynXv3MoWt",
          "checksum": "78267aab6ef9de903ae6e588853f8879"
        },
        {
          "type": "icon",
          "assetId": "cV4cuMllBGg8",
          "checksum": "09bebdff324982b2731b24f237470a64"
        },
        {
          "type": "icon",
          "assetId": "p8ya4hJMYEbR",
          "checksum": "95b4a01dd8bf6246c4430a3967011ffc"
        },
        {
          "type": "icon",
          "assetId": "5vLE0s1yfrCg",
          "checksum": "c76961b717c12f2fdefce6da1c2977ba"
        },
        {
          "type": "image",
          "assetId": "LmU5mCuC1JuH",
          "checksum": "985739ee9659c6ab9f83388daf48ce59"
        },
        {
          "type": "image",
          "assetId": "aXg1Tyoq-_D8",
          "checksum": "38769369b38d351313d78e39d02cbde6"
        },
        {
          "type": "image",
          "assetId": "O-wfSwWUgaP2",
          "checksum": "0961f13dfd0f979444abaf966c9a530e"
        },
        {
          "type": "image",
          "assetId": "vXHBxyk5LJFV",
          "checksum": "225f3bb97091678ac675283062aaea8c"
        },
        {
          "type": "image",
          "assetId": "zJ5k_4DiOAwu",
          "checksum": "0511e24d9985adf49d2680189c96ad51"
        },
        {
          "type": "image",
          "assetId": "n8dzbM4mv5bw",
          "checksum": "f465413d54ca9643b80d14e46cfba46e"
        },
        {
          "type": "image",
          "assetId": "0keFdTqb0I8z",
          "checksum": "dd77db7b8abe72dec6ad6d33eea80aa6"
        },
        {
          "type": "image",
          "assetId": "g8x54nrwaVNG",
          "checksum": "f1fe756261b6a8760c6cdb4d2fd14a5e"
        },
        {
          "type": "image",
          "assetId": "LM_RHVQabTqZ",
          "checksum": "d9bd5f65b535a6395dea4688634ca34f"
        },
        {
          "type": "image",
          "assetId": "mFep6MoJk_QZ",
          "checksum": "8c81561e0ad5aac6bb8f502925e9b669"
        },
        {
          "type": "image",
          "assetId": "XkoU-2nlVqCH",
          "checksum": "02c4ad5c79b56ab362ba5685aa0f02e2"
        },
        {
          "type": "image",
          "assetId": "NjKsgq-V_yNr",
          "checksum": "f01fa60570a9717b3b4116e159321548"
        },
        {
          "type": "image",
          "assetId": "gA867ULMVw5L",
          "checksum": "38c1c9fc0f97ce9d9af6922561f30830"
        },
        {
          "type": "image",
          "assetId": "kWFQcX3tL0Sg",
          "checksum": "97d92fe63449357dcde459c95a0c0c38"
        },
        {
          "type": "image",
          "assetId": "jl0tBNO9bdeZ",
          "checksum": "e4f40fe4f77c95725751d9eaae84fef7"
        },
        {
          "type": "image",
          "assetId": "xwuvkyHXqUiB",
          "checksum": "a6890c82c2c9a774e7cf2606e3fd5c49"
        },
        {
          "type": "image",
          "assetId": "42UAKIsbDoLn",
          "checksum": "c2350f1e49ee7409d23e47b9b473f8e7"
        },
        {
          "type": "image",
          "assetId": "PPcr5q4djt4V",
          "checksum": "4a1ccd5a0e911fcb629b92577b5e57c4"
        },
        {
          "type": "image",
          "assetId": "KxKqoGMZwKXS",
          "checksum": "b20f2e620184ded68731d5ce6632ec6d"
        },
        {
          "type": "image",
          "assetId": "Km-uDT1DWaP0",
          "checksum": "426aff1fa6431f5e97513793611fcd12"
        },
        {
          "assetId": "jqHMejC8dcPyddaS4gmqUt",
          "type": "projectCss",
          "checksum": "efaed1349bf80bb46bd615e1d730c63f"
        },
        {
          "assetId": "jqHMejC8dcPyddaS4gmqUt",
          "checksum": "822a183af96fbe562291e99ee5b4d3b9",
          "type": "globalContexts"
        },
        {
          "type": "image",
          "assetId": "TmosTKvfVpNJ",
          "checksum": "32e804d6ebe997b666a475d612843318"
        },
        {
          "type": "image",
          "assetId": "PjXTr7bsi1gd",
          "checksum": "011b7a47475d6f1336ed8d2e40f95aa9"
        },
        {
          "type": "image",
          "assetId": "PDQfjB8fOv_Y",
          "checksum": "aa42725e0a2f9d2333ec773a779f2814"
        },
        {
          "type": "image",
          "assetId": "TWi_D6aYrVwW",
          "checksum": "414635cf22e18ee8568c7f573757dc5b"
        },
        {
          "type": "image",
          "assetId": "PqeZlgNhL4Ah",
          "checksum": "0df0860cd7e0e6ff713335321bcd46e2"
        },
        {
          "type": "image",
          "assetId": "ir39GTocxvva",
          "checksum": "6d9b53cecbd517039a6322dcd924b062"
        },
        {
          "type": "image",
          "assetId": "FHPVdKI4HR2P",
          "checksum": "52e01189ac450cb6547d02aff3d257ff"
        },
        {
          "type": "image",
          "assetId": "q6IMsGbByIdJ",
          "checksum": "d54144d321a8fdb16733f839548417b4"
        },
        {
          "type": "image",
          "assetId": "oH2IqWicoDn3",
          "checksum": "672346fe32c959b17cdb731d99e18a3f"
        },
        {
          "type": "image",
          "assetId": "3BROY6JcpUCd",
          "checksum": "8eb407e5968c5f021ad6535833ec76cd"
        },
        {
          "type": "image",
          "assetId": "EqZPmcdqw7Ri",
          "checksum": "5e9eac5bec1c7be63ff2cf7c180676bb"
        },
        {
          "type": "image",
          "assetId": "5SC8_pCr6Zf_",
          "checksum": "99231398720b4c220cf1a4fcdf97bde5"
        },
        {
          "type": "image",
          "assetId": "DMrma3HX7xcG",
          "checksum": "d743e6216107a5a24863fc6fab55bb2a"
        },
        {
          "type": "image",
          "assetId": "pUg8uwrV0ErN",
          "checksum": "0ba12bdf56d38236b6797a86065ae329"
        },
        {
          "type": "image",
          "assetId": "XvTHrOX78Ycx",
          "checksum": "c6ec5381473984d43c333fcb3fc7ac7b"
        },
        {
          "type": "image",
          "assetId": "Xj4rUniY4oOQ",
          "checksum": "7c81d8b62e8b4381207437284a64c680"
        },
        {
          "type": "image",
          "assetId": "6x1ILqB0cIWt",
          "checksum": "c8602333790c950a9895938db70b3b85"
        },
        {
          "type": "image",
          "assetId": "flLtm4aDKUMf",
          "checksum": "0e54137d4e03aa6b029b1be7ab2e59d3"
        },
        {
          "type": "image",
          "assetId": "h8nsMIW_x9_i",
          "checksum": "c2d3add55316c612400b83e9324db43b"
        },
        {
          "type": "image",
          "assetId": "ILYYBuzBJ3vJ",
          "checksum": "401407a814ee87725aa773db3af83998"
        },
        {
          "type": "image",
          "assetId": "wzHi20g6jKSW",
          "checksum": "06b71a5126c324e3e8608259fc89b9b3"
        },
        {
          "type": "image",
          "assetId": "DkJ33qCUJcsm",
          "checksum": "f3b15b5bfb78120276774e5cacba4f59"
        },
        {
          "type": "image",
          "assetId": "T5Y0z-pjNt_l",
          "checksum": "38499d1463e3f2fdf4bf737abf92d3df"
        },
        {
          "type": "image",
          "assetId": "3IRj98ADNlz4",
          "checksum": "8b844e2ad504b44e8a170c6afdbf83da"
        },
        {
          "type": "image",
          "assetId": "VvvKsfvyuXMo",
          "checksum": "a2adcfcbcce465e9497b4239d19bb295"
        },
        {
          "type": "image",
          "assetId": "p28D9_xTXQKl",
          "checksum": "5d2a3d43aa6e1fe40f1cff9c9799bb2e"
        },
        {
          "type": "image",
          "assetId": "fMUV6rxLVyBQ",
          "checksum": "95b7383d42d705b11e97a7a93cc4a35e"
        },
        {
          "type": "image",
          "assetId": "ixUg1JxXBX3T",
          "checksum": "9e2d72fe540b55c366dd8b3388563620"
        },
        {
          "type": "image",
          "assetId": "T7RlD4xjHum7",
          "checksum": "05402da50eb45030ecb34b5ac3aeb6ad"
        },
        {
          "type": "image",
          "assetId": "MtR-ZO3m1TPb",
          "checksum": "5f96f1c025551721e992b3ff7e0ef30e"
        },
        {
          "type": "image",
          "assetId": "IDu9XG54QaBj",
          "checksum": "2fc29e5f0f16e237a899bac98e4f28f4"
        },
        {
          "type": "image",
          "assetId": "jrm-dgKj69pE",
          "checksum": "afd0462960d0db1c58f34dc8809634d2"
        },
        {
          "type": "image",
          "assetId": "DteNK-mRhj5I",
          "checksum": "e3df5857cef9879c86dad323c789c0cf"
        },
        {
          "type": "image",
          "assetId": "NOkm1aOy674I",
          "checksum": "63037add9043811bad769bbc042629e5"
        }
      ],
      "codegenVersion": "0.0.1"
    },
    {
      "projectId": "84wxoth5npGrp6RRXPL88z",
      "version": "4.27.0",
      "dependencies": {},
      "lang": "ts",
      "fileLocks": [
        {
          "assetId": "84wxoth5npGrp6RRXPL88z",
          "type": "projectCss",
          "checksum": "c5424297b69a305478b714b25604d0cd"
        },
        {
          "assetId": "84wxoth5npGrp6RRXPL88z",
          "checksum": "14e34fc8ee04382a88f671116234a1e3",
          "type": "globalContexts"
        }
      ],
      "codegenVersion": "0.0.1"
    }
  ],
  "cliVersion": "0.1.330"
}
